schema: '2.0'
stages:
  preprocess:
    cmd: python3 src/preprocess.py
    deps:
    - path: data/raw/pii_dataset.csv
      hash: md5
      md5: bf004cd87845addb042e158c3044fd68
      size: 3982025
    - path: src/preprocess.py
      hash: md5
      md5: 8e926eac063e03edec121c5a27ceaae2
      size: 323
    outs:
    - path: data/processed/clean_text.csv
      hash: md5
      md5: c4ddbfe77589e79a93115132e0282e65
      size: 3921084
  processbert:
    cmd: python3 src/bert_pipeline.py
    deps:
    - path: data/processed/clean_text.csv
      hash: md5
      md5: c4ddbfe77589e79a93115132e0282e65
      size: 3921084
    - path: src/bert_pipeline.py
      hash: md5
      md5: 650340771633fc7e4340928d023c8f8d
      size: 418
    outs:
    - path: data/features/bert_tokens.pkl
      hash: md5
      md5: 5b127e71e8af2be726ddfe4081d911c7
      size: 40531360
